
Microsoft Visual Studio Solution File, Format Version 12.00
# Visual Studio Version 17
VisualStudioVersion = 17.1.32210.238
MinimumVisualStudioVersion = 10.0.40219.1
Project("{FAE04EC0-301F-11D3-BF4B-00C04F79EFBC}") = "RegexBenchmark", "RegexBenchmark\RegexBenchmark.csproj", "{6759CCB3-B060-4711-A4DE-2B9984649977}"
EndProject
Global
	GlobalSection(SolutionConfigurationPlatforms) = preSolution
		Debug|Any CPU = Debug|Any CPU
		Release|Any CPU = Release|Any CPU
	EndGlobalSection
	GlobalSection(ProjectConfigurationPlatforms) = postSolution
		{6759CCB3-B060-4711-A4DE-2B9984649977}.Debug|Any CPU.ActiveCfg = Debug|Any CPU
		{6759CCB3-B060-4711-A4DE-2B9984649977}.Debug|Any CPU.Build.0 = Debug|Any CPU
		{6759CCB3-B060-4711-A4DE-2B9984649977}.Release|Any CPU.ActiveCfg = Release|Any CPU
		{6759CCB3-B060-4711-A4DE-2B9984649977}.Release|Any CPU.Build.0 = Release|Any CPU
	EndGlobalSection
	GlobalSection(SolutionProperties) = preSolution
		HideSolutionNode = FALSE
	EndGlobalSection
	GlobalSection(ExtensibilityGlobals) = postSolution
		SolutionGuid = {4CA0164D-4E54-44A0-925F-60AE6F74C950}
	EndGlobalSection
EndGlobal
